// !$*UTF8*$!
{
	archiveVersion = 1;
	classes = {
	};
	objectVersion = 56;
	objects = {

/* Begin PBXBuildFile section */
		043665A72F8F1E5700BA1411 /* AppDelegate.swift in Sources */ = {isa = PBXBuildFile; fileRef = 043665A62F8F1E5700BA1411 /* AppDelegate.swift */; };
		043665A92F8F1E5700BA1411 /* SceneDelegate.swift in Sources */ = {isa = PBXBuildFile; fileRef = 043665A82F8F1E5700BA1411 /* SceneDelegate.swift */; };
		043665AB2F8F1E5700BA1411 /* ViewController.swift in Sources */ = {isa = PBXBuildFile; fileRef = 043665AA2F8F1E5700BA1411 /* ViewController.swift */; };
		043665AE2F8F1E5700BA1411 /* Main.storyboard in Resources */ = {isa = PBXBuildFile; fileRef = 043665AC2F8F1E5700BA1411 /* Main.storyboard */; };
		043665B12F8F1E5700BA1411 /* MintynAssessment.xcdatamodeld in Sources */ = {isa = PBXBuildFile; fileRef = 043665AF2F8F1E5700BA1411 /* MintynAssessment.xcdatamodeld */; };
		043665B32F8F1E5A00BA1411 /* Assets.xcassets in Resources */ = {isa = PBXBuildFile; fileRef = 043665B22F8F1E5A00BA1411 /* Assets.xcassets */; };
		043665B62F8F1E5A00BA1411 /* LaunchScreen.storyboard in Resources */ = {isa = PBXBuildFile; fileRef = 043665B42F8F1E5A00BA1411 /* LaunchScreen.storyboard */; };
		043665C12F8F1E5A00BA1411 /* MintynAssessmentTests.swift in Sources */ = {isa = PBXBuildFile; fileRef = 043665C02F8F1E5A00BA1411 /* MintynAssessmentTests.swift */; };
		043665CB2F8F1E5A00BA1411 /* MintynAssessmentUITests.swift in Sources */ = {isa = PBXBuildFile; fileRef = 043665CA2F8F1E5A00BA1411 /* MintynAssessmentUITests.swift */; };
		043665CD2F8F1E5A00BA1411 /* MintynAssessmentUITestsLaunchTests.swift in Sources */ = {isa = PBXBuildFile; fileRef = 043665CC2F8F1E5A00BA1411 /* MintynAssessmentUITestsLaunchTests.swift */; };
/* End PBXBuildFile section */

/* Begin PBXContainerItemProxy section */
		043665BD2F8F1E5A00BA1411 /* PBXContainerItemProxy */ = {
			isa = PBXContainerItemProxy;
			containerPortal = 0436659B2F8F1E5700BA1411 /* Project object */;
			proxyType = 1;
			remoteGlobalIDString = 043665A22F8F1E5700BA1411;
			remoteInfo = MintynAssessment;
		};
		043665C72F8F1E5A00BA1411 /* PBXContainerItemProxy */ = {
			isa = PBXContainerItemProxy;
			containerPortal = 0436659B2F8F1E5700BA1411 /* Project object */;
			proxyType = 1;
			remoteGlobalIDString = 043665A22F8F1E5700BA1411;
			remoteInfo = MintynAssessment;
		};
/* End PBXContainerItemProxy section */

/* Begin PBXFileReference section */
		043665A32F8F1E5700BA1411 /* MintynAssessment.app */ = {isa = PBXFileReference; explicitFileType = wrapper.application; includeInIndex = 0; path = MintynAssessment.app; sourceTree = BUILT_PRODUCTS_DIR; };
		043665A62F8F1E5700BA1411 /* AppDelegate.swift */ = {isa = PBXFileReference; lastKnownFileType = sourcecode.swift; path = AppDelegate.swift; sourceTree = "<group>"; };
		043665A82F8F1E5700BA1411 /* SceneDelegate.swift */ = {isa = PBXFileReference; lastKnownFileType = sourcecode.swift; path = SceneDelegate.swift; sourceTree = "<group>"; };
		043665AA2F8F1E5700BA1411 /* ViewController.swift */ = {isa = PBXFileReference; lastKnownFileType = sourcecode.swift; path = ViewController.swift; sourceTree = "<group>"; };
		043665AD2F8F1E5700BA1411 /* Base */ = {isa = PBXFileReference; lastKnownFileType = file.storyboard; name = Base; path = Base.lproj/Main.storyboard; sourceTree = "<group>"; };
		043665B02F8F1E5700BA1411 /* MintynAssessment.xcdatamodel */ = {isa = PBXFileReference; lastKnownFileType = wrapper.xcdatamodel; path = MintynAssessment.xcdatamodel; sourceTree = "<group>"; };
		043665B22F8F1E5A00BA1411 /* Assets.xcassets */ = {isa = PBXFileReference; lastKnownFileType = folder.assetcatalog; path = Assets.xcassets; sourceTree = "<group>"; };
		043665B52F8F1E5A00BA1411 /* Base */ = {isa = PBXFileReference; lastKnownFileType = file.storyboard; name = Base; path = Base.lproj/LaunchScreen.storyboard; sourceTree = "<group>"; };
		043665B72F8F1E5A00BA1411 /* Info.plist */ = {isa = PBXFileReference; lastKnownFileType = text.plist.xml; path = Info.plist; sourceTree = "<group>"; };
		043665BC2F8F1E5A00BA1411 /* MintynAssessmentTests.xctest */ = {isa = PBXFileReference; explicitFileType = wrapper.cfbundle; includeInIndex = 0; path = MintynAssessmentTests.xctest; sourceTree = BUILT_PRODUCTS_DIR; };
		043665C02F8F1E5A00BA1411 /* MintynAssessmentTests.swift */ = {isa = PBXFileReference; lastKnownFileType = sourcecode.swift; path = MintynAssessmentTests.swift; sourceTree = "<group>"; };
		043665C62F8F1E5A00BA1411 /* MintynAssessmentUITests.xctest */ = {isa = PBXFileReference; explicitFileType = wrapper.cfbundle; includeInIndex = 0; path = MintynAssessmentUITests.xctest; sourceTree = BUILT_PRODUCTS_DIR; };
		043665CA2F8F1E5A00BA1411 /* MintynAssessmentUITests.swift */ = {isa = PBXFileReference; lastKnownFileType = sourcecode.swift; path = MintynAssessmentUITests.swift; sourceTree = "<group>"; };
		043665CC2F8F1E5A00BA1411 /* MintynAssessmentUITestsLaunchTests.swift */ = {isa = PBXFileReference; lastKnownFileType = sourcecode.swift; path = MintynAssessmentUITestsLaunchTests.swift; sourceTree = "<group>"; };
/* End PBXFileReference section */

/* Begin PBXFrameworksBuildPhase section */
		043665A02F8F1E5700BA1411 /* Frameworks */ = {
			isa = PBXFrameworksBuildPhase;
			buildActionMask = 2147483647;
			files = (
			);
			runOnlyForDeploymentPostprocessing = 0;
		};
		043665B92F8F1E5A00BA1411 /* Frameworks */ = {
			isa = PBXFrameworksBuildPhase;
			buildActionMask = 2147483647;
			files = (
			);
			runOnlyForDeploymentPostprocessing = 0;
		};
		043665C32F8F1E5A00BA1411 /* Frameworks */ = {
			isa = PBXFrameworksBuildPhase;
			buildActionMask = 2147483647;
			files = (
			);
			runOnlyForDeploymentPostprocessing = 0;
		};
/* End PBXFrameworksBuildPhase section */

/* Begin PBXGroup section */
		0436659A2F8F1E5700BA1411 = {
			isa = PBXGroup;
			children = (
				043665A52F8F1E5700BA1411 /* MintynAssessment */,
				043665BF2F8F1E5A00BA1411 /* MintynAssessmentTests */,
				043665C92F8F1E5A00BA1411 /* MintynAssessmentUITests */,
				043665A42F8F1E5700BA1411 /* Products */,
			);
			sourceTree = "<group>";
		};
		043665A42F8F1E5700BA1411 /* Products */ = {
			isa = PBXGroup;
			children = (
				043665A32F8F1E5700BA1411 /* MintynAssessment.app */,
				043665BC2F8F1E5A00BA1411 /* MintynAssessmentTests.xctest */,
				043665C62F8F1E5A00BA1411 /* MintynAssessmentUITests.xctest */,
			);
			name = Products;
			sourceTree = "<group>";
		};
		043665A52F8F1E5700BA1411 /* MintynAssessment */ = {
			isa = PBXGroup;
			children = (
				043665A62F8F1E5700BA1411 /* AppDelegate.swift */,
				043665A82F8F1E5700BA1411 /* SceneDelegate.swift */,
				043665AA2F8F1E5700BA1411 /* ViewController.swift */,
				043665AC2F8F1E5700BA1411 /* Main.storyboard */,
				043665B22F8F1E5A00BA1411 /* Assets.xcassets */,
				043665B42F8F1E5A00BA1411 /* LaunchScreen.storyboard */,
				043665B72F8F1E5A00BA1411 /* Info.plist */,
				043665AF2F8F1E5700BA1411 /* MintynAssessment.xcdatamodeld */,
			);
			path = MintynAssessment;
			sourceTree = "<group>";
		};
		043665BF2F8F1E5A00BA1411 /* MintynAssessmentTests */ = {
			isa = PBXGroup;
			children = (
				043665C02F8F1E5A00BA1411 /* MintynAssessmentTests.swift */,
			);
			path = MintynAssessmentTests;
			sourceTree = "<group>";
		};
		043665C92F8F1E5A00BA1411 /* MintynAssessmentUITests */ = {
			isa = PBXGroup;
			children = (
				043665CA2F8F1E5A00BA1411 /* MintynAssessmentUITests.swift */,
				043665CC2F8F1E5A00BA1411 /* MintynAssessmentUITestsLaunchTests.swift */,
			);
			path = MintynAssessmentUITests;
			sourceTree = "<group>";
		};
/* End PBXGroup section */

/* Begin PBXNativeTarget section */
		043665A22F8F1E5700BA1411 /* MintynAssessment */ = {
			isa = PBXNativeTarget;
			buildConfigurationList = 043665D02F8F1E5A00BA1411 /* Build configuration list for PBXNativeTarget "MintynAssessment" */;
			buildPhases = (
				0436659F2F8F1E5700BA1411 /* Sources */,
				043665A02F8F1E5700BA1411 /* Frameworks */,
				043665A12F8F1E5700BA1411 /* Resources */,
			);
			buildRules = (
			);
			dependencies = (
			);
			name = MintynAssessment;
			productName = MintynAssessment;
			productReference = 043665A32F8F1E5700BA1411 /* MintynAssessment.app */;
			productType = "com.apple.product-type.application";
		};
		043665BB2F8F1E5A00BA1411 /* MintynAssessmentTests */ = {
			isa = PBXNativeTarget;
			buildConfigurationList = 043665D32F8F1E5A00BA1411 /* Build configuration list for PBXNativeTarget "MintynAssessmentTests" */;
			buildPhases = (
				043665B82F8F1E5A00BA1411 /* Sources */,
				043665B92F8F1E5A00BA1411 /* Frameworks */,
				043665BA2F8F1E5A00BA1411 /* Resources */,
			);
			buildRules = (
			);
			dependencies = (
				043665BE2F8F1E5A00BA1411 /* PBXTargetDependency */,
			);
			name = MintynAssessmentTests;
			productName = MintynAssessmentTests;
			productReference = 043665BC2F8F1E5A00BA1411 /* MintynAssessmentTests.xctest */;
			productType = "com.apple.product-type.bundle.unit-test";
		};
		043665C52F8F1E5A00BA1411 /* MintynAssessmentUITests */ = {
			isa = PBXNativeTarget;
			buildConfigurationList = 043665D62F8F1E5A00BA1411 /* Build configuration list for PBXNativeTarget "MintynAssessmentUITests" */;
			buildPhases = (
				043665C22F8F1E5A00BA1411 /* Sources */,
				043665C32F8F1E5A00BA1411 /* Frameworks */,
				043665C42F8F1E5A00BA1411 /* Resources */,
			);
			buildRules = (
			);
			dependencies = (
				043665C82F8F1E5A00BA1411 /* PBXTargetDependency */,
			);
			name = MintynAssessmentUITests;
			productName = MintynAssessmentUITests;
			productReference = 043665C62F8F1E5A00BA1411 /* MintynAssessmentUITests.xctest */;
			productType = "com.apple.product-type.bundle.ui-testing";
		};
/* End PBXNativeTarget section */

/* Begin PBXProject section */
		0436659B2F8F1E5700BA1411 /* Project object */ = {
			isa = PBXProject;
			attributes = {
				BuildIndependentTargetsInParallel = 1;
				LastSwiftUpdateCheck = 1420;
				LastUpgradeCheck = 1420;
				TargetAttributes = {
					043665A22F8F1E5700BA1411 = {
						CreatedOnToolsVersion = 14.2;
					};
					043665BB2F8F1E5A00BA1411 = {
						CreatedOnToolsVersion = 14.2;
						TestTargetID = 043665A22F8F1E5700BA1411;
					};
					043665C52F8F1E5A00BA1411 = {
						CreatedOnToolsVersion = 14.2;
						TestTargetID = 043665A22F8F1E5700BA1411;
					};
				};
			};
			buildConfigurationList = 0436659E2F8F1E5700BA1411 /* Build configuration list for PBXProject "MintynAssessment" */;
			compatibilityVersion = "Xcode 14.0";
			developmentRegion = en;
			hasScannedForEncodings = 0;
			knownRegions = (
				en,
				Base,
			);
			mainGroup = 0436659A2F8F1E5700BA1411;
			productRefGroup = 043665A42F8F1E5700BA1411 /* Products */;
			projectDirPath = "";
			projectRoot = "";
			targets = (
				043665A22F8F1E5700BA1411 /* MintynAssessment */,
				043665BB2F8F1E5A00BA1411 /* MintynAssessmentTests */,
				043665C52F8F1E5A00BA1411 /* MintynAssessmentUITests */,
			);
		};
/* End PBXProject section */

/* Begin PBXResourcesBuildPhase section */
		043665A12F8F1E5700BA1411 /* Resources */ = {
			isa = PBXResourcesBuildPhase;
			buildActionMask = 2147483647;
			files = (
				043665B62F8F1E5A00BA1411 /* LaunchScreen.storyboard in Resources */,
				043665B32F8F1E5A00BA1411 /* Assets.xcassets in Resources */,
				043665AE2F8F1E5700BA1411 /* Main.storyboard in Resources */,
			);
			runOnlyForDeploymentPostprocessing = 0;
		};
		043665BA2F8F1E5A00BA1411 /* Resources */ = {
			isa = PBXResourcesBuildPhase;
			buildActionMask = 2147483647;
			files = (
			);
			runOnlyForDeploymentPostprocessing = 0;
		};
		043665C42F8F1E5A00BA1411 /* Resources */ = {
			isa = PBXResourcesBuildPhase;
			buildActionMask = 2147483647;
			files = (
			);
			runOnlyForDeploymentPostprocessing = 0;
		};
/* End PBXResourcesBuildPhase section */

/* Begin PBXSourcesBuildPhase section */
		0436659F2F8F1E5700BA1411 /* Sources */ = {
			isa = PBXSourcesBuildPhase;
			buildActionMask = 2147483647;
			files = (
				043665AB2F8F1E5700BA1411 /* ViewController.swift in Sources */,
				043665A72F8F1E5700BA1411 /* AppDelegate.swift in Sources */,
				043665B12F8F1E5700BA1411 /* MintynAssessment.xcdatamodeld in Sources */,
				043665A92F8F1E5700BA1411 /* SceneDelegate.swift in Sources */,
			);
			runOnlyForDeploymentPostprocessing = 0;
		};
		043665B82F8F1E5A00BA1411 /* Sources */ = {
			isa = PBXSourcesBuildPhase;
			buildActionMask = 2147483647;
			files = (
				043665C12F8F1E5A00BA1411 /* MintynAssessmentTests.swift in Sources */,
			);
			runOnlyForDeploymentPostprocessing = 0;
		};
		043665C22F8F1E5A00BA1411 /* Sources */ = {
			isa = PBXSourcesBuildPhase;
			buildActionMask = 2147483647;
			files = (
				043665CB2F8F1E5A00BA1411 /* MintynAssessmentUITests.swift in Sources */,
				043665CD2F8F1E5A00BA1411 /* MintynAssessmentUITestsLaunchTests.swift in Sources */,
			);
			runOnlyForDeploymentPostprocessing = 0;
		};
/* End PBXSourcesBuildPhase section */

/* Begin PBXTargetDependency section */
		043665BE2F8F1E5A00BA1411 /* PBXTargetDependency */ = {
			isa = PBXTargetDependency;
			target = 043665A22F8F1E5700BA1411 /* MintynAssessment */;
			targetProxy = 043665BD2F8F1E5A00BA1411 /* PBXContainerItemProxy */;
		};
		043665C82F8F1E5A00BA1411 /* PBXTargetDependency */ = {
			isa = PBXTargetDependency;
			target = 043665A22F8F1E5700BA1411 /* MintynAssessment */;
			targetProxy = 043665C72F8F1E5A00BA1411 /* PBXContainerItemProxy */;
		};
/* End PBXTargetDependency section */

/* Begin PBXVariantGroup section */
		043665AC2F8F1E5700BA1411 /* Main.storyboard */ = {
			isa = PBXVariantGroup;
			children = (
				043665AD2F8F1E5700BA1411 /* Base */,
			);
			name = Main.storyboard;
			sourceTree = "<group>";
		};
		043665B42F8F1E5A00BA1411 /* LaunchScreen.storyboard */ = {
			isa = PBXVariantGroup;
			children = (
				043665B52F8F1E5A00BA1411 /* Base */,
			);
			name = LaunchScreen.storyboard;
			sourceTree = "<group>";
		};
/* End PBXVariantGroup section */

/* Begin XCBuildConfiguration section */
		043665CE2F8F1E5A00BA1411 /* Debug */ = {
			isa = XCBuildConfiguration;
			buildSettings = {
				ALWAYS_SEARCH_USER_PATHS = NO;
				CLANG_ANALYZER_NONNULL = YES;
				CLANG_ANALYZER_NUMBER_OBJECT_CONVERSION = YES_AGGRESSIVE;
				CLANG_CXX_LANGUAGE_STANDARD = "gnu++20";
				CLANG_ENABLE_MODULES = YES;
				CLANG_ENABLE_OBJC_ARC = YES;
				CLANG_ENABLE_OBJC_WEAK = YES;
				CLANG_WARN_BLOCK_CAPTURE_AUTORELEASING = YES;
				CLANG_WARN_BOOL_CONVERSION = YES;
				CLANG_WARN_COMMA = YES;
				CLANG_WARN_CONSTANT_CONVERSION = YES;
				CLANG_WARN_DEPRECATED_OBJC_IMPLEMENTATIONS = YES;
				CLANG_WARN_DIRECT_OBJC_ISA_USAGE = YES_ERROR;
				CLANG_WARN_DOCUMENTATION_COMMENTS = YES;
				CLANG_WARN_EMPTY_BODY = YES;
				CLANG_WARN_ENUM_CONVERSION = YES;
				CLANG_WARN_INFINITE_RECURSION = YES;
				CLANG_WARN_INT_CONVERSION = YES;
				CLANG_WARN_NON_LITERAL_NULL_CONVERSION = YES;
				CLANG_WARN_OBJC_IMPLICIT_RETAIN_SELF = YES;
				CLANG_WARN_OBJC_LITERAL_CONVERSION = YES;
				CLANG_WARN_OBJC_ROOT_CLASS = YES_ERROR;
				CLANG_WARN_QUOTED_INCLUDE_IN_FRAMEWORK_HEADER = YES;
				CLANG_WARN_RANGE_LOOP_ANALYSIS = YES;
				CLANG_WARN_STRICT_PROTOTYPES = YES;
				CLANG_WARN_SUSPICIOUS_MOVE = YES;
				CLANG_WARN_UNGUARDED_AVAILABILITY = YES_AGGRESSIVE;
				CLANG_WARN_UNREACHABLE_CODE = YES;
				CLANG_WARN__DUPLICATE_METHOD_MATCH = YES;
				COPY_PHASE_STRIP = NO;
				DEBUG_INFORMATION_FORMAT = dwarf;
				ENABLE_STRICT_OBJC_MSGSEND = YES;
				ENABLE_TESTABILITY = YES;
				GCC_C_LANGUAGE_STANDARD = gnu11;
				GCC_DYNAMIC_NO_PIC = NO;
				GCC_NO_COMMON_BLOCKS = YES;
				GCC_OPTIMIZATION_LEVEL = 0;
				GCC_PREPROCESSOR_DEFINITIONS = (
					"DEBUG=1",
					"$(inherited)",
				);
				GCC_WARN_64_TO_32_BIT_CONVERSION = YES;
				GCC_WARN_ABOUT_RETURN_TYPE = YES_ERROR;
				GCC_WARN_UNDECLARED_SELECTOR = YES;
				GCC_WARN_UNINITIALIZED_AUTOS = YES_AGGRESSIVE;
				GCC_WARN_UNUSED_FUNCTION = YES;
				GCC_WARN_UNUSED_VARIABLE = YES;
				IPHONEOS_DEPLOYMENT_TARGET = 16.2;
				MTL_ENABLE_DEBUG_INFO = INCLUDE_SOURCE;
				MTL_FAST_MATH = YES;
				ONLY_ACTIVE_ARCH = YES;
				SDKROOT = iphoneos;
				SWIFT_ACTIVE_COMPILATION_CONDITIONS = DEBUG;
				SWIFT_OPTIMIZATION_LEVEL = "-Onone";
			};
			name = Debug;
		};
		043665CF2F8F1E5A00BA1411 /* Release */ = {
			isa = XCBuildConfiguration;
			buildSettings = {
				ALWAYS_SEARCH_USER_PATHS = NO;
				CLANG_ANALYZER_NONNULL = YES;
				CLANG_ANALYZER_NUMBER_OBJECT_CONVERSION = YES_AGGRESSIVE;
				CLANG_CXX_LANGUAGE_STANDARD = "gnu++20";
				CLANG_ENABLE_MODULES = YES;
				CLANG_ENABLE_OBJC_ARC = YES;
				CLANG_ENABLE_OBJC_WEAK = YES;
				CLANG_WARN_BLOCK_CAPTURE_AUTORELEASING = YES;
				CLANG_WARN_BOOL_CONVERSION = YES;
				CLANG_WARN_COMMA = YES;
				CLANG_WARN_CONSTANT_CONVERSION = YES;
				CLANG_WARN_DEPRECATED_OBJC_IMPLEMENTATIONS = YES;
				CLANG_WARN_DIRECT_OBJC_ISA_USAGE = YES_ERROR;
				CLANG_WARN_DOCUMENTATION_COMMENTS = YES;
				CLANG_WARN_EMPTY_BODY = YES;
				CLANG_WARN_ENUM_CONVERSION = YES;
				CLANG_WARN_INFINITE_RECURSION = YES;
				CLANG_WARN_INT_CONVERSION = YES;
				CLANG_WARN_NON_LITERAL_NULL_CONVERSION = YES;
				CLANG_WARN_OBJC_IMPLICIT_RETAIN_SELF = YES;
				CLANG_WARN_OBJC_LITERAL_CONVERSION = YES;
				CLANG_WARN_OBJC_ROOT_CLASS = YES_ERROR;
				CLANG_WARN_QUOTED_INCLUDE_IN_FRAMEWORK_HEADER = YES;
				CLANG_WARN_RANGE_LOOP_ANALYSIS = YES;
				CLANG_WARN_STRICT_PROTOTYPES = YES;
				CLANG_WARN_SUSPICIOUS_MOVE = YES;
				CLANG_WARN_UNGUARDED_AVAILABILITY = YES_AGGRESSIVE;
				CLANG_WARN_UNREACHABLE_CODE = YES;
				CLANG_WARN__DUPLICATE_METHOD_MATCH = YES;
				COPY_PHASE_STRIP = NO;
				DEBUG_INFORMATION_FORMAT = "dwarf-with-dsym";
				ENABLE_NS_ASSERTIONS = NO;
				ENABLE_STRICT_OBJC_MSGSEND = YES;
				GCC_C_LANGUAGE_STANDARD = gnu11;
				GCC_NO_COMMON_BLOCKS = YES;
				GCC_WARN_64_TO_32_BIT_CONVERSION = YES;
				GCC_WARN_ABOUT_RETURN_TYPE = YES_ERROR;
				GCC_WARN_UNDECLARED_SELECTOR = YES;
				GCC_WARN_UNINITIALIZED_AUTOS = YES_AGGRESSIVE;
				GCC_WARN_UNUSED_FUNCTION = YES;
				GCC_WARN_UNUSED_VARIABLE = YES;
				IPHONEOS_DEPLOYMENT_TARGET = 16.2;
				MTL_ENABLE_DEBUG_INFO = NO;
				MTL_FAST_MATH = YES;
				SDKROOT = iphoneos;
				SWIFT_COMPILATION_MODE = wholemodule;
				SWIFT_OPTIMIZATION_LEVEL = "-O";
				VALIDATE_PRODUCT = YES;
			};
			name = Release;
		};
		043665D12F8F1E5A00BA1411 /* Debug */ = {
			isa = XCBuildConfiguration;
			buildSettings = {
				ASSETCATALOG_COMPILER_APPICON_NAME = AppIcon;
				ASSETCATALOG_COMPILER_GLOBAL_ACCENT_COLOR_NAME = AccentColor;
				CODE_SIGN_STYLE = Automatic;
				CURRENT_PROJECT_VERSION = 1;
				DEVELOPMENT_TEAM = FV55T32P8M;
				GENERATE_INFOPLIST_FILE = YES;
				INFOPLIST_FILE = MintynAssessment/Info.plist;
				INFOPLIST_KEY_UIApplicationSupportsIndirectInputEvents = YES;
				INFOPLIST_KEY_UILaunchStoryboardName = LaunchScreen;
				INFOPLIST_KEY_UIMainStoryboardFile = Main;
				INFOPLIST_KEY_UISupportedInterfaceOrientations_iPad = "UIInterfaceOrientationPortrait UIInterfaceOrientationPortraitUpsideDown UIInterfaceOrientationLandscapeLeft UIInterfaceOrientationLandscapeRight";
				INFOPLIST_KEY_UISupportedInterfaceOrientations_iPhone = "UIInterfaceOrientationPortrait UIInterfaceOrientationLandscapeLeft UIInterfaceOrientationLandscapeRight";
				LD_RUNPATH_SEARCH_PATHS = (
					"$(inherited)",
					"@executable_path/Frameworks",
				);
				MARKETING_VERSION = 1.0;
				PRODUCT_BUNDLE_IDENTIFIER = com.chaos.MintynAssessment;
				PRODUCT_NAME = "$(TARGET_NAME)";
				SWIFT_EMIT_LOC_STRINGS = YES;
				SWIFT_VERSION = 5.0;
				TARGETED_DEVICE_FAMILY = "1,2";
			};
			name = Debug;
		};
		043665D22F8F1E5A00BA1411 /* Release */ = {
			isa = XCBuildConfiguration;
			buildSettings = {
				ASSETCATALOG_COMPILER_APPICON_NAME = AppIcon;
				ASSETCATALOG_COMPILER_GLOBAL_ACCENT_COLOR_NAME = AccentColor;
				CODE_SIGN_STYLE = Automatic;
				CURRENT_PROJECT_VERSION = 1;
				DEVELOPMENT_TEAM = FV55T32P8M;
				GENERATE_INFOPLIST_FILE = YES;
				INFOPLIST_FILE = MintynAssessment/Info.plist;
				INFOPLIST_KEY_UIApplicationSupportsIndirectInputEvents = YES;
				INFOPLIST_KEY_UILaunchStoryboardName = LaunchScreen;
				INFOPLIST_KEY_UIMainStoryboardFile = Main;
				INFOPLIST_KEY_UISupportedInterfaceOrientations_iPad = "UIInterfaceOrientationPortrait UIInterfaceOrientationPortraitUpsideDown UIInterfaceOrientationLandscapeLeft UIInterfaceOrientationLandscapeRight";
				INFOPLIST_KEY_UISupportedInterfaceOrientations_iPhone = "UIInterfaceOrientationPortrait UIInterfaceOrientationLandscapeLeft UIInterfaceOrientationLandscapeRight";
				LD_RUNPATH_SEARCH_PATHS = (
					"$(inherited)",
					"@executable_path/Frameworks",
				);
				MARKETING_VERSION = 1.0;
				PRODUCT_BUNDLE_IDENTIFIER = com.chaos.MintynAssessment;
				PRODUCT_NAME = "$(TARGET_NAME)";
				SWIFT_EMIT_LOC_STRINGS = YES;
				SWIFT_VERSION = 5.0;
				TARGETED_DEVICE_FAMILY = "1,2";
			};
			name = Release;
		};
		043665D42F8F1E5A00BA1411 /* Debug */ = {
			isa = XCBuildConfiguration;
			buildSettings = {
				ALWAYS_EMBED_SWIFT_STANDARD_LIBRARIES = YES;
				BUNDLE_LOADER = "$(TEST_HOST)";
				CODE_SIGN_STYLE = Automatic;
				CURRENT_PROJECT_VERSION = 1;
				DEVELOPMENT_TEAM = FV55T32P8M;
				GENERATE_INFOPLIST_FILE = YES;
				IPHONEOS_DEPLOYMENT_TARGET = 16.2;
				MARKETING_VERSION = 1.0;
				PRODUCT_BUNDLE_IDENTIFIER = com.chaos.MintynAssessmentTests;
				PRODUCT_NAME = "$(TARGET_NAME)";
				SWIFT_EMIT_LOC_STRINGS = NO;
				SWIFT_VERSION = 5.0;
				TARGETED_DEVICE_FAMILY = "1,2";
				TEST_HOST = "$(BUILT_PRODUCTS_DIR)/MintynAssessment.app/$(BUNDLE_EXECUTABLE_FOLDER_PATH)/MintynAssessment";
			};
			name = Debug;
		};
		043665D52F8F1E5A00BA1411 /* Release */ = {
			isa = XCBuildConfiguration;
			buildSettings = {
				ALWAYS_EMBED_SWIFT_STANDARD_LIBRARIES = YES;
				BUNDLE_LOADER = "$(TEST_HOST)";
				CODE_SIGN_STYLE = Automatic;
				CURRENT_PROJECT_VERSION = 1;
				DEVELOPMENT_TEAM = FV55T32P8M;
				GENERATE_INFOPLIST_FILE = YES;
				IPHONEOS_DEPLOYMENT_TARGET = 16.2;
				MARKETING_VERSION = 1.0;
				PRODUCT_BUNDLE_IDENTIFIER = com.chaos.MintynAssessmentTests;
				PRODUCT_NAME = "$(TARGET_NAME)";
				SWIFT_EMIT_LOC_STRINGS = NO;
				SWIFT_VERSION = 5.0;
				TARGETED_DEVICE_FAMILY = "1,2";
				TEST_HOST = "$(BUILT_PRODUCTS_DIR)/MintynAssessment.app/$(BUNDLE_EXECUTABLE_FOLDER_PATH)/MintynAssessment";
			};
			name = Release;
		};
		043665D72F8F1E5A00BA1411 /* Debug */ = {
			isa = XCBuildConfiguration;
			buildSettings = {
				ALWAYS_EMBED_SWIFT_STANDARD_LIBRARIES = YES;
				CODE_SIGN_STYLE = Automatic;
				CURRENT_PROJECT_VERSION = 1;
				DEVELOPMENT_TEAM = FV55T32P8M;
				GENERATE_INFOPLIST_FILE = YES;
				MARKETING_VERSION = 1.0;
				PRODUCT_BUNDLE_IDENTIFIER = com.chaos.MintynAssessmentUITests;
				PRODUCT_NAME = "$(TARGET_NAME)";
				SWIFT_EMIT_LOC_STRINGS = NO;
				SWIFT_VERSION = 5.0;
				TARGETED_DEVICE_FAMILY = "1,2";
				TEST_TARGET_NAME = MintynAssessment;
			};
			name = Debug;
		};
		043665D82F8F1E5A00BA1411 /* Release */ = {
			isa = XCBuildConfiguration;
			buildSettings = {
				ALWAYS_EMBED_SWIFT_STANDARD_LIBRARIES = YES;
				CODE_SIGN_STYLE = Automatic;
				CURRENT_PROJECT_VERSION = 1;
				DEVELOPMENT_TEAM = FV55T32P8M;
				GENERATE_INFOPLIST_FILE = YES;
				MARKETING_VERSION = 1.0;
				PRODUCT_BUNDLE_IDENTIFIER = com.chaos.MintynAssessmentUITests;
				PRODUCT_NAME = "$(TARGET_NAME)";
				SWIFT_EMIT_LOC_STRINGS = NO;
				SWIFT_VERSION = 5.0;
				TARGETED_DEVICE_FAMILY = "1,2";
				TEST_TARGET_NAME = MintynAssessment;
			};
			name = Release;
		};
/* End XCBuildConfiguration section */

/* Begin XCConfigurationList section */
		0436659E2F8F1E5700BA1411 /* Build configuration list for PBXProject "MintynAssessment" */ = {
			isa = XCConfigurationList;
			buildConfigurations = (
				043665CE2F8F1E5A00BA1411 /* Debug */,
				043665CF2F8F1E5A00BA1411 /* Release */,
			);
			defaultConfigurationIsVisible = 0;
			defaultConfigurationName = Release;
		};
		043665D02F8F1E5A00BA1411 /* Build configuration list for PBXNativeTarget "MintynAssessment" */ = {
			isa = XCConfigurationList;
			buildConfigurations = (
				043665D12F8F1E5A00BA1411 /* Debug */,
				043665D22F8F1E5A00BA1411 /* Release */,
			);
			defaultConfigurationIsVisible = 0;
			defaultConfigurationName = Release;
		};
		043665D32F8F1E5A00BA1411 /* Build configuration list for PBXNativeTarget "MintynAssessmentTests" */ = {
			isa = XCConfigurationList;
			buildConfigurations = (
				043665D42F8F1E5A00BA1411 /* Debug */,
				043665D52F8F1E5A00BA1411 /* Release */,
			);
			defaultConfigurationIsVisible = 0;
			defaultConfigurationName = Release;
		};
		043665D62F8F1E5A00BA1411 /* Build configuration list for PBXNativeTarget "MintynAssessmentUITests" */ = {
			isa = XCConfigurationList;
			buildConfigurations = (
				043665D72F8F1E5A00BA1411 /* Debug */,
				043665D82F8F1E5A00BA1411 /* Release */,
			);
			defaultConfigurationIsVisible = 0;
			defaultConfigurationName = Release;
		};
/* End XCConfigurationList section */

/* Begin XCVersionGroup section */
		043665AF2F8F1E5700BA1411 /* MintynAssessment.xcdatamodeld */ = {
			isa = XCVersionGroup;
			children = (
				043665B02F8F1E5700BA1411 /* MintynAssessment.xcdatamodel */,
			);
			currentVersion = 043665B02F8F1E5700BA1411 /* MintynAssessment.xcdatamodel */;
			path = MintynAssessment.xcdatamodeld;
			sourceTree = "<group>";
			versionGroupType = wrapper.xcdatamodel;
		};
/* End XCVersionGroup section */
	};
	rootObject = 0436659B2F8F1E5700BA1411 /* Project object */;
}
