// !$*UTF8*$!
{
	archiveVersion = 1;
	classes = {
	};
	objectVersion = 56;
	objects = {

/* Begin PBXBuildFile section */
		01C4F27D91E8D61F2B9764F1 /* MockAuthService.swift in Sources */ = {isa = PBXBuildFile; fileRef = CA7DFE8F82F9DBB043B8DFFD /* MockAuthService.swift */; };
		043665A72F8F1E5700BA1411 /* AppDelegate.swift in Sources */ = {isa = PBXBuildFile; fileRef = 043665A62F8F1E5700BA1411 /* AppDelegate.swift */; };
		043665A92F8F1E5700BA1411 /* SceneDelegate.swift in Sources */ = {isa = PBXBuildFile; fileRef = 043665A82F8F1E5700BA1411 /* SceneDelegate.swift */; };
		043665B12F8F1E5700BA1411 /* MintynAssessment.xcdatamodeld in Sources */ = {isa = PBXBuildFile; fileRef = 043665AF2F8F1E5700BA1411 /* MintynAssessment.xcdatamodeld */; };
		043665B32F8F1E5A00BA1411 /* Assets.xcassets in Resources */ = {isa = PBXBuildFile; fileRef = 043665B22F8F1E5A00BA1411 /* Assets.xcassets */; };
		043665C12F8F1E5A00BA1411 /* MintynAssessmentTests.swift in Sources */ = {isa = PBXBuildFile; fileRef = 043665C02F8F1E5A00BA1411 /* MintynAssessmentTests.swift */; };
		043665CB2F8F1E5A00BA1411 /* MintynAssessmentUITests.swift in Sources */ = {isa = PBXBuildFile; fileRef = 043665CA2F8F1E5A00BA1411 /* MintynAssessmentUITests.swift */; };
		043665CD2F8F1E5A00BA1411 /* MintynAssessmentUITestsLaunchTests.swift in Sources */ = {isa = PBXBuildFile; fileRef = 043665CC2F8F1E5A00BA1411 /* MintynAssessmentUITestsLaunchTests.swift */; };
		043665EE2F8F222200BA1411 /* SettingsViewModel.swift in Sources */ = {isa = PBXBuildFile; fileRef = 043665DB2F8F222100BA1411 /* SettingsViewModel.swift */; };
		043665EF2F8F222200BA1411 /* SettingsViewController.swift in Sources */ = {isa = PBXBuildFile; fileRef = 043665DC2F8F222100BA1411 /* SettingsViewController.swift */; };
		043665F02F8F222200BA1411 /* HomeViewModel.swift in Sources */ = {isa = PBXBuildFile; fileRef = 043665DE2F8F222100BA1411 /* HomeViewModel.swift */; };
		043665F12F8F222200BA1411 /* Transaction.swift in Sources */ = {isa = PBXBuildFile; fileRef = 043665E02F8F222100BA1411 /* Transaction.swift */; };
		043665F22F8F222200BA1411 /* HomeViewController.swift in Sources */ = {isa = PBXBuildFile; fileRef = 043665E12F8F222100BA1411 /* HomeViewController.swift */; };
		043665F32F8F222200BA1411 /* SplashViewController.swift in Sources */ = {isa = PBXBuildFile; fileRef = 043665E32F8F222100BA1411 /* SplashViewController.swift */; };
		043665F42F8F222200BA1411 /* LoginViewModel.swift in Sources */ = {isa = PBXBuildFile; fileRef = 043665E52F8F222100BA1411 /* LoginViewModel.swift */; };
		043665F52F8F222200BA1411 /* MockAuthService.swift in Sources */ = {isa = PBXBuildFile; fileRef = 043665E62F8F222100BA1411 /* MockAuthService.swift */; };
		043665F62F8F222200BA1411 /* LoginViewController.swift in Sources */ = {isa = PBXBuildFile; fileRef = 043665E72F8F222100BA1411 /* LoginViewController.swift */; };
		043666082F8F239100BA1411 /* LaunchScreen.storyboard in Resources */ = {isa = PBXBuildFile; fileRef = 043665FC2F8F239000BA1411 /* LaunchScreen.storyboard */; };
		043666092F8F239100BA1411 /* TransactionCell.swift in Sources */ = {isa = PBXBuildFile; fileRef = 043666032F8F239000BA1411 /* TransactionCell.swift */; };
		0436660A2F8F239100BA1411 /* PaddingTextField.swift in Sources */ = {isa = PBXBuildFile; fileRef = 043666042F8F239000BA1411 /* PaddingTextField.swift */; };
		0436660B2F8F239100BA1411 /* QuickActionButton.swift in Sources */ = {isa = PBXBuildFile; fileRef = 043666052F8F239000BA1411 /* QuickActionButton.swift */; };
		0436660C2F8F239100BA1411 /* PrimaryButton.swift in Sources */ = {isa = PBXBuildFile; fileRef = 043666062F8F239000BA1411 /* PrimaryButton.swift */; };
		0436660F2F8F240800BA1411 /* fix_project.rb in Resources */ = {isa = PBXBuildFile; fileRef = 0436660E2F8F240800BA1411 /* fix_project.rb */; };
		043666112F8F6E2300BA1411 /* LoginFlowUITests.swift in Sources */ = {isa = PBXBuildFile; fileRef = 043665EA2F8F222200BA1411 /* LoginFlowUITests.swift */; };
		043666122F8F6E3B00BA1411 /* LoginViewModelTests.swift in Sources */ = {isa = PBXBuildFile; fileRef = 043665ED2F8F222200BA1411 /* LoginViewModelTests.swift */; };
		043666162F8F744C00BA1411 /* PasswordField.swift in Sources */ = {isa = PBXBuildFile; fileRef = 043666132F8F744C00BA1411 /* PasswordField.swift */; };
		043666172F8F744C00BA1411 /* CarouselCardCell.swift in Sources */ = {isa = PBXBuildFile; fileRef = 043666142F8F744C00BA1411 /* CarouselCardCell.swift */; };
		043666182F8F744C00BA1411 /* PhoneNumberField.swift in Sources */ = {isa = PBXBuildFile; fileRef = 043666152F8F744C00BA1411 /* PhoneNumberField.swift */; };
		043666222F8F77AD00BA1411 /* MintynUITests.swift in Sources */ = {isa = PBXBuildFile; fileRef = 0436661B2F8F77A100BA1411 /* MintynUITests.swift */; };
		043666232F8F77C000BA1411 /* AuthServiceTests.swift in Sources */ = {isa = PBXBuildFile; fileRef = 0436661D2F8F77A100BA1411 /* AuthServiceTests.swift */; };
		043666242F8F77C000BA1411 /* LoginViewModelTests.swift in Sources */ = {isa = PBXBuildFile; fileRef = 0436661E2F8F77A100BA1411 /* LoginViewModelTests.swift */; };
		045495742F8FC06A009FF3F4 /* SOLUTION.md in Resources */ = {isa = PBXBuildFile; fileRef = 045495732F8FC06A009FF3F4 /* SOLUTION.md */; };
		045495772F8FC086009FF3F4 /* LiquidBackgroundView.swift in Sources */ = {isa = PBXBuildFile; fileRef = 045495752F8FC085009FF3F4 /* LiquidBackgroundView.swift */; };
		045495782F8FC086009FF3F4 /* CustomAlertViewController.swift in Sources */ = {isa = PBXBuildFile; fileRef = 045495762F8FC086009FF3F4 /* CustomAlertViewController.swift */; };
		045C1B002F902536004B2A3E /* TransferViewController.swift in Sources */ = {isa = PBXBuildFile; fileRef = 045C1AFC2F902536004B2A3E /* TransferViewController.swift */; };
		045C1B012F902536004B2A3E /* FeatureBaseViewController.swift in Sources */ = {isa = PBXBuildFile; fileRef = 045C1AFD2F902536004B2A3E /* FeatureBaseViewController.swift */; };
		045C1B022F902536004B2A3E /* TopUpViewController.swift in Sources */ = {isa = PBXBuildFile; fileRef = 045C1AFE2F902536004B2A3E /* TopUpViewController.swift */; };
		045C1B032F902536004B2A3E /* PayBillsViewController.swift in Sources */ = {isa = PBXBuildFile; fileRef = 045C1AFF2F902536004B2A3E /* PayBillsViewController.swift */; };
		200B4E59934DE09871006527 /* SettingsViewController.swift in Sources */ = {isa = PBXBuildFile; fileRef = 00D2CE04A4820567F298835A /* SettingsViewController.swift */; };
		425966DAAFD07396B56C2759 /* HomeViewController.swift in Sources */ = {isa = PBXBuildFile; fileRef = C8A459406A2CA0177A037119 /* HomeViewController.swift */; };
		4AA682C53D25F1B53E2C3F1A /* HomeViewModel.swift in Sources */ = {isa = PBXBuildFile; fileRef = 9E83E4B159E6E17037DE3FC6 /* HomeViewModel.swift */; };
		6F09C3C0EFDED0F06C6D4F51 /* LoginViewModel.swift in Sources */ = {isa = PBXBuildFile; fileRef = 12184E7533F9CA96FBC2C3E5 /* LoginViewModel.swift */; };
		6FEE31E141B664658A7E595D /* SplashViewController.swift in Sources */ = {isa = PBXBuildFile; fileRef = 5CB0AB03395E13C522757A90 /* SplashViewController.swift */; };
		79427B79A57C02598EAAFFC2 /* Transaction.swift in Sources */ = {isa = PBXBuildFile; fileRef = 7AB9FFFF1BD0A5D9600DA832 /* Transaction.swift */; };
		80E365C369FA2618DF5051B2 /* SettingsViewModel.swift in Sources */ = {isa = PBXBuildFile; fileRef = 473FCCF1E6AE998872AE18E8 /* SettingsViewModel.swift */; };
		B49727EDB5CCE1684D1EE980 /* LoginViewController.swift in Sources */ = {isa = PBXBuildFile; fileRef = EDA2244F6A9B1815704C0052 /* LoginViewController.swift */; };
/* End PBXBuildFile section */

/* Begin PBXContainerItemProxy section */
		043665BD2F8F1E5A00BA1411 /* PBXContainerItemProxy */ = {
			isa = PBXContainerItemProxy;
			containerPortal = 0436659B2F8F1E5700BA1411 /* Project object */;
			proxyType = 1;
			remoteGlobalIDString = 043665A22F8F1E5700BA1411;
			remoteInfo = MintynAssessment;
		};
		043665C72F8F1E5A00BA1411 /* PBXContainerItemProxy */ = {
			isa = PBXContainerItemProxy;
			containerPortal = 0436659B2F8F1E5700BA1411 /* Project object */;
			proxyType = 1;
			remoteGlobalIDString = 043665A22F8F1E5700BA1411;
			remoteInfo = MintynAssessment;
		};
/* End PBXContainerItemProxy section */

/* Begin PBXFileReference section */
		00D2CE04A4820567F298835A /* SettingsViewController.swift */ = {isa = PBXFileReference; includeInIndex = 1; lastKnownFileType = sourcecode.swift; name = SettingsViewController.swift; path = Settings/SettingsViewController.swift; sourceTree = "<group>"; };
		043665A32F8F1E5700BA1411 /* MintynAssessment.app */ = {isa = PBXFileReference; explicitFileType = wrapper.application; includeInIndex = 0; path = MintynAssessment.app; sourceTree = BUILT_PRODUCTS_DIR; };
		043665A62F8F1E5700BA1411 /* AppDelegate.swift */ = {isa = PBXFileReference; lastKnownFileType = sourcecode.swift; path = AppDelegate.swift; sourceTree = "<group>"; };
		043665A82F8F1E5700BA1411 /* SceneDelegate.swift */ = {isa = PBXFileReference; lastKnownFileType = sourcecode.swift; path = SceneDelegate.swift; sourceTree = "<group>"; };
		043665B02F8F1E5700BA1411 /* MintynAssessment.xcdatamodel */ = {isa = PBXFileReference; lastKnownFileType = wrapper.xcdatamodel; path = MintynAssessment.xcdatamodel; sourceTree = "<group>"; };
		043665B22F8F1E5A00BA1411 /* Assets.xcassets */ = {isa = PBXFileReference; lastKnownFileType = folder.assetcatalog; path = Assets.xcassets; sourceTree = "<group>"; };
		043665B72F8F1E5A00BA1411 /* Info.plist */ = {isa = PBXFileReference; lastKnownFileType = text.plist.xml; path = Info.plist; sourceTree = "<group>"; };
		043665BC2F8F1E5A00BA1411 /* MintynAssessmentTests.xctest */ = {isa = PBXFileReference; explicitFileType = wrapper.cfbundle; includeInIndex = 0; path = MintynAssessmentTests.xctest; sourceTree = BUILT_PRODUCTS_DIR; };
		043665C02F8F1E5A00BA1411 /* MintynAssessmentTests.swift */ = {isa = PBXFileReference; lastKnownFileType = sourcecode.swift; path = MintynAssessmentTests.swift; sourceTree = "<group>"; };
		043665C62F8F1E5A00BA1411 /* MintynAssessmentUITests.xctest */ = {isa = PBXFileReference; explicitFileType = wrapper.cfbundle; includeInIndex = 0; path = MintynAssessmentUITests.xctest; sourceTree = BUILT_PRODUCTS_DIR; };
		043665CA2F8F1E5A00BA1411 /* MintynAssessmentUITests.swift */ = {isa = PBXFileReference; lastKnownFileType = sourcecode.swift; path = MintynAssessmentUITests.swift; sourceTree = "<group>"; };
		043665CC2F8F1E5A00BA1411 /* MintynAssessmentUITestsLaunchTests.swift */ = {isa = PBXFileReference; lastKnownFileType = sourcecode.swift; path = MintynAssessmentUITestsLaunchTests.swift; sourceTree = "<group>"; };
		043665DB2F8F222100BA1411 /* SettingsViewModel.swift */ = {isa = PBXFileReference; fileEncoding = 4; lastKnownFileType = sourcecode.swift; path = SettingsViewModel.swift; sourceTree = "<group>"; };
		043665DC2F8F222100BA1411 /* SettingsViewController.swift */ = {isa = PBXFileReference; fileEncoding = 4; lastKnownFileType = sourcecode.swift; path = SettingsViewController.swift; sourceTree = "<group>"; };
		043665DE2F8F222100BA1411 /* HomeViewModel.swift */ = {isa = PBXFileReference; fileEncoding = 4; lastKnownFileType = sourcecode.swift; path = HomeViewModel.swift; sourceTree = "<group>"; };
		043665E02F8F222100BA1411 /* Transaction.swift */ = {isa = PBXFileReference; fileEncoding = 4; lastKnownFileType = sourcecode.swift; path = Transaction.swift; sourceTree = "<group>"; };
		043665E12F8F222100BA1411 /* HomeViewController.swift */ = {isa = PBXFileReference; fileEncoding = 4; lastKnownFileType = sourcecode.swift; path = HomeViewController.swift; sourceTree = "<group>"; };
		043665E32F8F222100BA1411 /* SplashViewController.swift */ = {isa = PBXFileReference; fileEncoding = 4; lastKnownFileType = sourcecode.swift; path = SplashViewController.swift; sourceTree = "<group>"; };
		043665E52F8F222100BA1411 /* LoginViewModel.swift */ = {isa = PBXFileReference; fileEncoding = 4; lastKnownFileType = sourcecode.swift; path = LoginViewModel.swift; sourceTree = "<group>"; };
		043665E62F8F222100BA1411 /* MockAuthService.swift */ = {isa = PBXFileReference; fileEncoding = 4; lastKnownFileType = sourcecode.swift; path = MockAuthService.swift; sourceTree = "<group>"; };
		043665E72F8F222100BA1411 /* LoginViewController.swift */ = {isa = PBXFileReference; fileEncoding = 4; lastKnownFileType = sourcecode.swift; path = LoginViewController.swift; sourceTree = "<group>"; };
		043665EA2F8F222200BA1411 /* LoginFlowUITests.swift */ = {isa = PBXFileReference; fileEncoding = 4; lastKnownFileType = sourcecode.swift; path = LoginFlowUITests.swift; sourceTree = "<group>"; };
		043665ED2F8F222200BA1411 /* LoginViewModelTests.swift */ = {isa = PBXFileReference; fileEncoding = 4; lastKnownFileType = sourcecode.swift; path = LoginViewModelTests.swift; sourceTree = "<group>"; };
		043665FD2F8F239000BA1411 /* Base */ = {isa = PBXFileReference; lastKnownFileType = file.storyboard; name = Base; path = LaunchScreen.storyboard; sourceTree = "<group>"; };
		043666032F8F239000BA1411 /* TransactionCell.swift */ = {isa = PBXFileReference; fileEncoding = 4; lastKnownFileType = sourcecode.swift; path = TransactionCell.swift; sourceTree = "<group>"; };
		043666042F8F239000BA1411 /* PaddingTextField.swift */ = {isa = PBXFileReference; fileEncoding = 4; lastKnownFileType = sourcecode.swift; path = PaddingTextField.swift; sourceTree = "<group>"; };
		043666052F8F239000BA1411 /* QuickActionButton.swift */ = {isa = PBXFileReference; fileEncoding = 4; lastKnownFileType = sourcecode.swift; path = QuickActionButton.swift; sourceTree = "<group>"; };
		043666062F8F239000BA1411 /* PrimaryButton.swift */ = {isa = PBXFileReference; fileEncoding = 4; lastKnownFileType = sourcecode.swift; path = PrimaryButton.swift; sourceTree = "<group>"; };
		0436660E2F8F240800BA1411 /* fix_project.rb */ = {isa = PBXFileReference; fileEncoding = 4; lastKnownFileType = text.script.ruby; path = fix_project.rb; sourceTree = "<group>"; };
		043666132F8F744C00BA1411 /* PasswordField.swift */ = {isa = PBXFileReference; fileEncoding = 4; lastKnownFileType = sourcecode.swift; path = PasswordField.swift; sourceTree = "<group>"; };
		043666142F8F744C00BA1411 /* CarouselCardCell.swift */ = {isa = PBXFileReference; fileEncoding = 4; lastKnownFileType = sourcecode.swift; path = CarouselCardCell.swift; sourceTree = "<group>"; };
		043666152F8F744C00BA1411 /* PhoneNumberField.swift */ = {isa = PBXFileReference; fileEncoding = 4; lastKnownFileType = sourcecode.swift; path = PhoneNumberField.swift; sourceTree = "<group>"; };
		0436661B2F8F77A100BA1411 /* MintynUITests.swift */ = {isa = PBXFileReference; fileEncoding = 4; lastKnownFileType = sourcecode.swift; path = MintynUITests.swift; sourceTree = "<group>"; };
		0436661D2F8F77A100BA1411 /* AuthServiceTests.swift */ = {isa = PBXFileReference; fileEncoding = 4; lastKnownFileType = sourcecode.swift; name = AuthServiceTests.swift; path = ../MintynAssessment/Tests/UnitTests/AuthServiceTests.swift; sourceTree = "<group>"; };
		0436661E2F8F77A100BA1411 /* LoginViewModelTests.swift */ = {isa = PBXFileReference; fileEncoding = 4; lastKnownFileType = sourcecode.swift; name = LoginViewModelTests.swift; path = ../MintynAssessment/Tests/UnitTests/LoginViewModelTests.swift; sourceTree = "<group>"; };
		045495732F8FC06A009FF3F4 /* SOLUTION.md */ = {isa = PBXFileReference; fileEncoding = 4; lastKnownFileType = net.daringfireball.markdown; path = SOLUTION.md; sourceTree = "<group>"; };
		045495752F8FC085009FF3F4 /* LiquidBackgroundView.swift */ = {isa = PBXFileReference; fileEncoding = 4; lastKnownFileType = sourcecode.swift; path = LiquidBackgroundView.swift; sourceTree = "<group>"; };
		045495762F8FC086009FF3F4 /* CustomAlertViewController.swift */ = {isa = PBXFileReference; fileEncoding = 4; lastKnownFileType = sourcecode.swift; path = CustomAlertViewController.swift; sourceTree = "<group>"; };
		045C1AFC2F902536004B2A3E /* TransferViewController.swift */ = {isa = PBXFileReference; fileEncoding = 4; lastKnownFileType = sourcecode.swift; name = TransferViewController.swift; path = Home/TransferViewController.swift; sourceTree = "<group>"; };
		045C1AFD2F902536004B2A3E /* FeatureBaseViewController.swift */ = {isa = PBXFileReference; fileEncoding = 4; lastKnownFileType = sourcecode.swift; name = FeatureBaseViewController.swift; path = Home/FeatureBaseViewController.swift; sourceTree = "<group>"; };
		045C1AFE2F902536004B2A3E /* TopUpViewController.swift */ = {isa = PBXFileReference; fileEncoding = 4; lastKnownFileType = sourcecode.swift; name = TopUpViewController.swift; path = Home/TopUpViewController.swift; sourceTree = "<group>"; };
		045C1AFF2F902536004B2A3E /* PayBillsViewController.swift */ = {isa = PBXFileReference; fileEncoding = 4; lastKnownFileType = sourcecode.swift; name = PayBillsViewController.swift; path = Home/PayBillsViewController.swift; sourceTree = "<group>"; };
		12184E7533F9CA96FBC2C3E5 /* LoginViewModel.swift */ = {isa = PBXFileReference; includeInIndex = 1; lastKnownFileType = sourcecode.swift; name = LoginViewModel.swift; path = Auth/LoginViewModel.swift; sourceTree = "<group>"; };
		473FCCF1E6AE998872AE18E8 /* SettingsViewModel.swift */ = {isa = PBXFileReference; includeInIndex = 1; lastKnownFileType = sourcecode.swift; name = SettingsViewModel.swift; path = Settings/SettingsViewModel.swift; sourceTree = "<group>"; };
		5CB0AB03395E13C522757A90 /* SplashViewController.swift */ = {isa = PBXFileReference; includeInIndex = 1; lastKnownFileType = sourcecode.swift; name = SplashViewController.swift; path = Splash/SplashViewController.swift; sourceTree = "<group>"; };
		7AB9FFFF1BD0A5D9600DA832 /* Transaction.swift */ = {isa = PBXFileReference; includeInIndex = 1; lastKnownFileType = sourcecode.swift; name = Transaction.swift; path = Home/Models/Transaction.swift; sourceTree = "<group>"; };
		9E83E4B159E6E17037DE3FC6 /* HomeViewModel.swift */ = {isa = PBXFileReference; includeInIndex = 1; lastKnownFileType = sourcecode.swift; name = HomeViewModel.swift; path = Home/HomeViewModel.swift; sourceTree = "<group>"; };
		C8A459406A2CA0177A037119 /* HomeViewController.swift */ = {isa = PBXFileReference; includeInIndex = 1; lastKnownFileType = sourcecode.swift; name = HomeViewController.swift; path = Home/HomeViewController.swift; sourceTree = "<group>"; };
		CA7DFE8F82F9DBB043B8DFFD /* MockAuthService.swift */ = {isa = PBXFileReference; includeInIndex = 1; lastKnownFileType = sourcecode.swift; name = MockAuthService.swift; path = Auth/MockAuthService.swift; sourceTree = "<group>"; };
		EDA2244F6A9B1815704C0052 /* LoginViewController.swift */ = {isa = PBXFileReference; includeInIndex = 1; lastKnownFileType = sourcecode.swift; name = LoginViewController.swift; path = Auth/LoginViewController.swift; sourceTree = "<group>"; };
/* End PBXFileReference section */

/* Begin PBXFrameworksBuildPhase section */
		043665A02F8F1E5700BA1411 /* Frameworks */ = {
			isa = PBXFrameworksBuildPhase;
			buildActionMask = 2147483647;
			files = (
			);
			runOnlyForDeploymentPostprocessing = 0;
		};
		043665B92F8F1E5A00BA1411 /* Frameworks */ = {
			isa = PBXFrameworksBuildPhase;
			buildActionMask = 2147483647;
			files = (
			);
			runOnlyForDeploymentPostprocessing = 0;
		};
		043665C32F8F1E5A00BA1411 /* Frameworks */ = {
			isa = PBXFrameworksBuildPhase;
			buildActionMask = 2147483647;
			files = (
			);
			runOnlyForDeploymentPostprocessing = 0;
		};
/* End PBXFrameworksBuildPhase section */

/* Begin PBXGroup section */
		0436659A2F8F1E5700BA1411 = {
			isa = PBXGroup;
			children = (
				045495732F8FC06A009FF3F4 /* SOLUTION.md */,
				043665A52F8F1E5700BA1411 /* MintynAssessment */,
				043665BF2F8F1E5A00BA1411 /* MintynAssessmentTests */,
				043665C92F8F1E5A00BA1411 /* MintynAssessmentUITests */,
				043665A42F8F1E5700BA1411 /* Products */,
			);
			sourceTree = "<group>";
		};
		043665A42F8F1E5700BA1411 /* Products */ = {
			isa = PBXGroup;
			children = (
				043665A32F8F1E5700BA1411 /* MintynAssessment.app */,
				043665BC2F8F1E5A00BA1411 /* MintynAssessmentTests.xctest */,
				043665C62F8F1E5A00BA1411 /* MintynAssessmentUITests.xctest */,
			);
			name = Products;
			sourceTree = "<group>";
		};
		043665A52F8F1E5700BA1411 /* MintynAssessment */ = {
			isa = PBXGroup;
			children = (
				043665A62F8F1E5700BA1411 /* AppDelegate.swift */,
				043665A82F8F1E5700BA1411 /* SceneDelegate.swift */,
				0436660E2F8F240800BA1411 /* fix_project.rb */,
				043665FB2F8F239000BA1411 /* Base.lproj */,
				043666022F8F239000BA1411 /* Components */,
				043665D92F8F222100BA1411 /* Modules */,
				043665B22F8F1E5A00BA1411 /* Assets.xcassets */,
				043665B72F8F1E5A00BA1411 /* Info.plist */,
				043665AF2F8F1E5700BA1411 /* MintynAssessment.xcdatamodeld */,
			);
			path = MintynAssessment;
			sourceTree = "<group>";
		};
		043665BF2F8F1E5A00BA1411 /* MintynAssessmentTests */ = {
			isa = PBXGroup;
			children = (
				0436661D2F8F77A100BA1411 /* AuthServiceTests.swift */,
				043665ED2F8F222200BA1411 /* LoginViewModelTests.swift */,
				0436661E2F8F77A100BA1411 /* LoginViewModelTests.swift */,
				043665C02F8F1E5A00BA1411 /* MintynAssessmentTests.swift */,
			);
			path = MintynAssessmentTests;
			sourceTree = "<group>";
		};
		043665C92F8F1E5A00BA1411 /* MintynAssessmentUITests */ = {
			isa = PBXGroup;
			children = (
				0436661B2F8F77A100BA1411 /* MintynUITests.swift */,
				043665EA2F8F222200BA1411 /* LoginFlowUITests.swift */,
				043665CA2F8F1E5A00BA1411 /* MintynAssessmentUITests.swift */,
				043665CC2F8F1E5A00BA1411 /* MintynAssessmentUITestsLaunchTests.swift */,
			);
			path = MintynAssessmentUITests;
			sourceTree = "<group>";
		};
		043665D92F8F222100BA1411 /* Modules */ = {
			isa = PBXGroup;
			children = (
				043665DA2F8F222100BA1411 /* Settings */,
				043665DD2F8F222100BA1411 /* Home */,
				043665E22F8F222100BA1411 /* Splash */,
				043665E42F8F222100BA1411 /* Auth */,
				473FCCF1E6AE998872AE18E8 /* SettingsViewModel.swift */,
				00D2CE04A4820567F298835A /* SettingsViewController.swift */,
				9E83E4B159E6E17037DE3FC6 /* HomeViewModel.swift */,
				7AB9FFFF1BD0A5D9600DA832 /* Transaction.swift */,
				C8A459406A2CA0177A037119 /* HomeViewController.swift */,
				045C1AFD2F902536004B2A3E /* FeatureBaseViewController.swift */,
				045C1AFF2F902536004B2A3E /* PayBillsViewController.swift */,
				045C1AFE2F902536004B2A3E /* TopUpViewController.swift */,
				045C1AFC2F902536004B2A3E /* TransferViewController.swift */,
				5CB0AB03395E13C522757A90 /* SplashViewController.swift */,
				12184E7533F9CA96FBC2C3E5 /* LoginViewModel.swift */,
				CA7DFE8F82F9DBB043B8DFFD /* MockAuthService.swift */,
				EDA2244F6A9B1815704C0052 /* LoginViewController.swift */,
			);
			path = Modules;
			sourceTree = "<group>";
		};
		043665DA2F8F222100BA1411 /* Settings */ = {
			isa = PBXGroup;
			children = (
				043665DB2F8F222100BA1411 /* SettingsViewModel.swift */,
				043665DC2F8F222100BA1411 /* SettingsViewController.swift */,
			);
			path = Settings;
			sourceTree = "<group>";
		};
		043665DD2F8F222100BA1411 /* Home */ = {
			isa = PBXGroup;
			children = (
				043665DE2F8F222100BA1411 /* HomeViewModel.swift */,
				043665DF2F8F222100BA1411 /* Models */,
				043665E12F8F222100BA1411 /* HomeViewController.swift */,
			);
			path = Home;
			sourceTree = "<group>";
		};
		043665DF2F8F222100BA1411 /* Models */ = {
			isa = PBXGroup;
			children = (
				043665E02F8F222100BA1411 /* Transaction.swift */,
			);
			path = Models;
			sourceTree = "<group>";
		};
		043665E22F8F222100BA1411 /* Splash */ = {
			isa = PBXGroup;
			children = (
				043665E32F8F222100BA1411 /* SplashViewController.swift */,
			);
			path = Splash;
			sourceTree = "<group>";
		};
		043665E42F8F222100BA1411 /* Auth */ = {
			isa = PBXGroup;
			children = (
				043665E52F8F222100BA1411 /* LoginViewModel.swift */,
				043665E62F8F222100BA1411 /* MockAuthService.swift */,
				043666192F8F77A100BA1411 /* Tests */,
				043665E72F8F222100BA1411 /* LoginViewController.swift */,
			);
			path = Auth;
			sourceTree = "<group>";
		};
		043665FB2F8F239000BA1411 /* Base.lproj */ = {
			isa = PBXGroup;
			children = (
				043665FC2F8F239000BA1411 /* LaunchScreen.storyboard */,
			);
			path = Base.lproj;
			sourceTree = "<group>";
		};
		043666022F8F239000BA1411 /* Components */ = {
			isa = PBXGroup;
			children = (
				045495762F8FC086009FF3F4 /* CustomAlertViewController.swift */,
				045495752F8FC085009FF3F4 /* LiquidBackgroundView.swift */,
				043666142F8F744C00BA1411 /* CarouselCardCell.swift */,
				043666132F8F744C00BA1411 /* PasswordField.swift */,
				043666152F8F744C00BA1411 /* PhoneNumberField.swift */,
				043666032F8F239000BA1411 /* TransactionCell.swift */,
				043666042F8F239000BA1411 /* PaddingTextField.swift */,
				043666052F8F239000BA1411 /* QuickActionButton.swift */,
				043666062F8F239000BA1411 /* PrimaryButton.swift */,
			);
			path = Components;
			sourceTree = "<group>";
		};
		043666192F8F77A100BA1411 /* Tests */ = {
			isa = PBXGroup;
			children = (
				0436661A2F8F77A100BA1411 /* UITests */,
				0436661C2F8F77A100BA1411 /* UnitTests */,
			);
			name = Tests;
			path = MintynAssessment/Tests;
			sourceTree = SOURCE_ROOT;
		};
		0436661A2F8F77A100BA1411 /* UITests */ = {
			isa = PBXGroup;
			children = (
			);
			path = UITests;
			sourceTree = "<group>";
		};
		0436661C2F8F77A100BA1411 /* UnitTests */ = {
			isa = PBXGroup;
			children = (
			);
			path = UnitTests;
			sourceTree = "<group>";
		};
/* End PBXGroup section */

/* Begin PBXNativeTarget section */
		043665A22F8F1E5700BA1411 /* MintynAssessment */ = {
			isa = PBXNativeTarget;
			buildConfigurationList = 043665D02F8F1E5A00BA1411 /* Build configuration list for PBXNativeTarget "MintynAssessment" */;
			buildPhases = (
				0436659F2F8F1E5700BA1411 /* Sources */,
				043665A02F8F1E5700BA1411 /* Frameworks */,
				043665A12F8F1E5700BA1411 /* Resources */,
			);
			buildRules = (
			);
			dependencies = (
			);
			name = MintynAssessment;
			productName = MintynAssessment;
			productReference = 043665A32F8F1E5700BA1411 /* MintynAssessment.app */;
			productType = "com.apple.product-type.application";
		};
		043665BB2F8F1E5A00BA1411 /* MintynAssessmentTests */ = {
			isa = PBXNativeTarget;
			buildConfigurationList = 043665D32F8F1E5A00BA1411 /* Build configuration list for PBXNativeTarget "MintynAssessmentTests" */;
			buildPhases = (
				043665B82F8F1E5A00BA1411 /* Sources */,
				043665B92F8F1E5A00BA1411 /* Frameworks */,
				043665BA2F8F1E5A00BA1411 /* Resources */,
			);
			buildRules = (
			);
			dependencies = (
				043665BE2F8F1E5A00BA1411 /* PBXTargetDependency */,
			);
			name = MintynAssessmentTests;
			productName = MintynAssessmentTests;
			productReference = 043665BC2F8F1E5A00BA1411 /* MintynAssessmentTests.xctest */;
			productType = "com.apple.product-type.bundle.unit-test";
		};
		043665C52F8F1E5A00BA1411 /* MintynAssessmentUITests */ = {
			isa = PBXNativeTarget;
			buildConfigurationList = 043665D62F8F1E5A00BA1411 /* Build configuration list for PBXNativeTarget "MintynAssessmentUITests" */;
			buildPhases = (
				043665C22F8F1E5A00BA1411 /* Sources */,
				043665C32F8F1E5A00BA1411 /* Frameworks */,
				043665C42F8F1E5A00BA1411 /* Resources */,
			);
			buildRules = (
			);
			dependencies = (
				043665C82F8F1E5A00BA1411 /* PBXTargetDependency */,
			);
			name = MintynAssessmentUITests;
			productName = MintynAssessmentUITests;
			productReference = 043665C62F8F1E5A00BA1411 /* MintynAssessmentUITests.xctest */;
			productType = "com.apple.product-type.bundle.ui-testing";
		};
/* End PBXNativeTarget section */

/* Begin PBXProject section */
		0436659B2F8F1E5700BA1411 /* Project object */ = {
			isa = PBXProject;
			attributes = {
				BuildIndependentTargetsInParallel = 1;
				LastSwiftUpdateCheck = 1420;
				LastUpgradeCheck = 1420;
				TargetAttributes = {
					043665A22F8F1E5700BA1411 = {
						CreatedOnToolsVersion = 14.2;
					};
					043665BB2F8F1E5A00BA1411 = {
						CreatedOnToolsVersion = 14.2;
						TestTargetID = 043665A22F8F1E5700BA1411;
					};
					043665C52F8F1E5A00BA1411 = {
						CreatedOnToolsVersion = 14.2;
						TestTargetID = 043665A22F8F1E5700BA1411;
					};
				};
			};
			buildConfigurationList = 0436659E2F8F1E5700BA1411 /* Build configuration list for PBXProject "MintynAssessment" */;
			compatibilityVersion = "Xcode 14.0";
			developmentRegion = en;
			hasScannedForEncodings = 0;
			knownRegions = (
				en,
				Base,
			);
			mainGroup = 0436659A2F8F1E5700BA1411;
			productRefGroup = 043665A42F8F1E5700BA1411 /* Products */;
			projectDirPath = "";
			projectRoot = "";
			targets = (
				043665A22F8F1E5700BA1411 /* MintynAssessment */,
				043665BB2F8F1E5A00BA1411 /* MintynAssessmentTests */,
				043665C52F8F1E5A00BA1411 /* MintynAssessmentUITests */,
			);
		};
/* End PBXProject section */

/* Begin PBXResourcesBuildPhase section */
		043665A12F8F1E5700BA1411 /* Resources */ = {
			isa = PBXResourcesBuildPhase;
			buildActionMask = 2147483647;
			files = (
				043666082F8F239100BA1411 /* LaunchScreen.storyboard in Resources */,
				043665B32F8F1E5A00BA1411 /* Assets.xcassets in Resources */,
				0436660F2F8F240800BA1411 /* fix_project.rb in Resources */,
				045495742F8FC06A009FF3F4 /* SOLUTION.md in Resources */,
			);
			runOnlyForDeploymentPostprocessing = 0;
		};
		043665BA2F8F1E5A00BA1411 /* Resources */ = {
			isa = PBXResourcesBuildPhase;
			buildActionMask = 2147483647;
			files = (
			);
			runOnlyForDeploymentPostprocessing = 0;
		};
		043665C42F8F1E5A00BA1411 /* Resources */ = {
			isa = PBXResourcesBuildPhase;
			buildActionMask = 2147483647;
			files = (
			);
			runOnlyForDeploymentPostprocessing = 0;
		};
/* End PBXResourcesBuildPhase section */

/* Begin PBXSourcesBuildPhase section */
		0436659F2F8F1E5700BA1411 /* Sources */ = {
			isa = PBXSourcesBuildPhase;
			buildActionMask = 2147483647;
			files = (
				045C1B012F902536004B2A3E /* FeatureBaseViewController.swift in Sources */,
				043665EE2F8F222200BA1411 /* SettingsViewModel.swift in Sources */,
				0436660C2F8F239100BA1411 /* PrimaryButton.swift in Sources */,
				043666172F8F744C00BA1411 /* CarouselCardCell.swift in Sources */,
				043666092F8F239100BA1411 /* TransactionCell.swift in Sources */,
				043665F42F8F222200BA1411 /* LoginViewModel.swift in Sources */,
				043665F12F8F222200BA1411 /* Transaction.swift in Sources */,
				043665F02F8F222200BA1411 /* HomeViewModel.swift in Sources */,
				043665F52F8F222200BA1411 /* MockAuthService.swift in Sources */,
				043665A72F8F1E5700BA1411 /* AppDelegate.swift in Sources */,
				043665F22F8F222200BA1411 /* HomeViewController.swift in Sources */,
				0436660B2F8F239100BA1411 /* QuickActionButton.swift in Sources */,
				043665B12F8F1E5700BA1411 /* MintynAssessment.xcdatamodeld in Sources */,
				043665A92F8F1E5700BA1411 /* SceneDelegate.swift in Sources */,
				0436660A2F8F239100BA1411 /* PaddingTextField.swift in Sources */,
				043665EF2F8F222200BA1411 /* SettingsViewController.swift in Sources */,
				045C1B002F902536004B2A3E /* TransferViewController.swift in Sources */,
				043665F62F8F222200BA1411 /* LoginViewController.swift in Sources */,
				043666182F8F744C00BA1411 /* PhoneNumberField.swift in Sources */,
				045C1B022F902536004B2A3E /* TopUpViewController.swift in Sources */,
				043665F32F8F222200BA1411 /* SplashViewController.swift in Sources */,
				045495772F8FC086009FF3F4 /* LiquidBackgroundView.swift in Sources */,
				80E365C369FA2618DF5051B2 /* SettingsViewModel.swift in Sources */,
				200B4E59934DE09871006527 /* SettingsViewController.swift in Sources */,
				045C1B032F902536004B2A3E /* PayBillsViewController.swift in Sources */,
				4AA682C53D25F1B53E2C3F1A /* HomeViewModel.swift in Sources */,
				043666162F8F744C00BA1411 /* PasswordField.swift in Sources */,
				79427B79A57C02598EAAFFC2 /* Transaction.swift in Sources */,
				425966DAAFD07396B56C2759 /* HomeViewController.swift in Sources */,
				6FEE31E141B664658A7E595D /* SplashViewController.swift in Sources */,
				045495782F8FC086009FF3F4 /* CustomAlertViewController.swift in Sources */,
				6F09C3C0EFDED0F06C6D4F51 /* LoginViewModel.swift in Sources */,
				01C4F27D91E8D61F2B9764F1 /* MockAuthService.swift in Sources */,
				B49727EDB5CCE1684D1EE980 /* LoginViewController.swift in Sources */,
			);
			runOnlyForDeploymentPostprocessing = 0;
		};
		043665B82F8F1E5A00BA1411 /* Sources */ = {
			isa = PBXSourcesBuildPhase;
			buildActionMask = 2147483647;
			files = (
				043666242F8F77C000BA1411 /* LoginViewModelTests.swift in Sources */,
				043666122F8F6E3B00BA1411 /* LoginViewModelTests.swift in Sources */,
				043665C12F8F1E5A00BA1411 /* MintynAssessmentTests.swift in Sources */,
				043666232F8F77C000BA1411 /* AuthServiceTests.swift in Sources */,
			);
			runOnlyForDeploymentPostprocessing = 0;
		};
		043665C22F8F1E5A00BA1411 /* Sources */ = {
			isa = PBXSourcesBuildPhase;
			buildActionMask = 2147483647;
			files = (
				043666112F8F6E2300BA1411 /* LoginFlowUITests.swift in Sources */,
				043665CB2F8F1E5A00BA1411 /* MintynAssessmentUITests.swift in Sources */,
				043666222F8F77AD00BA1411 /* MintynUITests.swift in Sources */,
				043665CD2F8F1E5A00BA1411 /* MintynAssessmentUITestsLaunchTests.swift in Sources */,
			);
			runOnlyForDeploymentPostprocessing = 0;
		};
/* End PBXSourcesBuildPhase section */

/* Begin PBXTargetDependency section */
		043665BE2F8F1E5A00BA1411 /* PBXTargetDependency */ = {
			isa = PBXTargetDependency;
			target = 043665A22F8F1E5700BA1411 /* MintynAssessment */;
			targetProxy = 043665BD2F8F1E5A00BA1411 /* PBXContainerItemProxy */;
		};
		043665C82F8F1E5A00BA1411 /* PBXTargetDependency */ = {
			isa = PBXTargetDependency;
			target = 043665A22F8F1E5700BA1411 /* MintynAssessment */;
			targetProxy = 043665C72F8F1E5A00BA1411 /* PBXContainerItemProxy */;
		};
/* End PBXTargetDependency section */

/* Begin PBXVariantGroup section */
		043665FC2F8F239000BA1411 /* LaunchScreen.storyboard */ = {
			isa = PBXVariantGroup;
			children = (
				043665FD2F8F239000BA1411 /* Base */,
			);
			name = LaunchScreen.storyboard;
			sourceTree = "<group>";
		};
/* End PBXVariantGroup section */

/* Begin XCBuildConfiguration section */
		043665CE2F8F1E5A00BA1411 /* Debug */ = {
			isa = XCBuildConfiguration;
			buildSettings = {
				ALWAYS_SEARCH_USER_PATHS = NO;
				CLANG_ANALYZER_NONNULL = YES;
				CLANG_ANALYZER_NUMBER_OBJECT_CONVERSION = YES_AGGRESSIVE;
				CLANG_CXX_LANGUAGE_STANDARD = "gnu++20";
				CLANG_ENABLE_MODULES = YES;
				CLANG_ENABLE_OBJC_ARC = YES;
				CLANG_ENABLE_OBJC_WEAK = YES;
				CLANG_WARN_BLOCK_CAPTURE_AUTORELEASING = YES;
				CLANG_WARN_BOOL_CONVERSION = YES;
				CLANG_WARN_COMMA = YES;
				CLANG_WARN_CONSTANT_CONVERSION = YES;
				CLANG_WARN_DEPRECATED_OBJC_IMPLEMENTATIONS = YES;
				CLANG_WARN_DIRECT_OBJC_ISA_USAGE = YES_ERROR;
				CLANG_WARN_DOCUMENTATION_COMMENTS = YES;
				CLANG_WARN_EMPTY_BODY = YES;
				CLANG_WARN_ENUM_CONVERSION = YES;
				CLANG_WARN_INFINITE_RECURSION = YES;
				CLANG_WARN_INT_CONVERSION = YES;
				CLANG_WARN_NON_LITERAL_NULL_CONVERSION = YES;
				CLANG_WARN_OBJC_IMPLICIT_RETAIN_SELF = YES;
				CLANG_WARN_OBJC_LITERAL_CONVERSION = YES;
				CLANG_WARN_OBJC_ROOT_CLASS = YES_ERROR;
				CLANG_WARN_QUOTED_INCLUDE_IN_FRAMEWORK_HEADER = YES;
				CLANG_WARN_RANGE_LOOP_ANALYSIS = YES;
				CLANG_WARN_STRICT_PROTOTYPES = YES;
				CLANG_WARN_SUSPICIOUS_MOVE = YES;
				CLANG_WARN_UNGUARDED_AVAILABILITY = YES_AGGRESSIVE;
				CLANG_WARN_UNREACHABLE_CODE = YES;
				CLANG_WARN__DUPLICATE_METHOD_MATCH = YES;
				COPY_PHASE_STRIP = NO;
				DEBUG_INFORMATION_FORMAT = dwarf;
				ENABLE_STRICT_OBJC_MSGSEND = YES;
				ENABLE_TESTABILITY = YES;
				GCC_C_LANGUAGE_STANDARD = gnu11;
				GCC_DYNAMIC_NO_PIC = NO;
				GCC_NO_COMMON_BLOCKS = YES;
				GCC_OPTIMIZATION_LEVEL = 0;
				GCC_PREPROCESSOR_DEFINITIONS = (
					"DEBUG=1",
					"$(inherited)",
				);
				GCC_WARN_64_TO_32_BIT_CONVERSION = YES;
				GCC_WARN_ABOUT_RETURN_TYPE = YES_ERROR;
				GCC_WARN_UNDECLARED_SELECTOR = YES;
				GCC_WARN_UNINITIALIZED_AUTOS = YES_AGGRESSIVE;
				GCC_WARN_UNUSED_FUNCTION = YES;
				GCC_WARN_UNUSED_VARIABLE = YES;
				IPHONEOS_DEPLOYMENT_TARGET = 16.2;
				MTL_ENABLE_DEBUG_INFO = INCLUDE_SOURCE;
				MTL_FAST_MATH = YES;
				ONLY_ACTIVE_ARCH = YES;
				SDKROOT = iphoneos;
				SWIFT_ACTIVE_COMPILATION_CONDITIONS = DEBUG;
				SWIFT_OPTIMIZATION_LEVEL = "-Onone";
			};
			name = Debug;
		};
		043665CF2F8F1E5A00BA1411 /* Release */ = {
			isa = XCBuildConfiguration;
			buildSettings = {
				ALWAYS_SEARCH_USER_PATHS = NO;
				CLANG_ANALYZER_NONNULL = YES;
				CLANG_ANALYZER_NUMBER_OBJECT_CONVERSION = YES_AGGRESSIVE;
				CLANG_CXX_LANGUAGE_STANDARD = "gnu++20";
				CLANG_ENABLE_MODULES = YES;
				CLANG_ENABLE_OBJC_ARC = YES;
				CLANG_ENABLE_OBJC_WEAK = YES;
				CLANG_WARN_BLOCK_CAPTURE_AUTORELEASING = YES;
				CLANG_WARN_BOOL_CONVERSION = YES;
				CLANG_WARN_COMMA = YES;
				CLANG_WARN_CONSTANT_CONVERSION = YES;
				CLANG_WARN_DEPRECATED_OBJC_IMPLEMENTATIONS = YES;
				CLANG_WARN_DIRECT_OBJC_ISA_USAGE = YES_ERROR;
				CLANG_WARN_DOCUMENTATION_COMMENTS = YES;
				CLANG_WARN_EMPTY_BODY = YES;
				CLANG_WARN_ENUM_CONVERSION = YES;
				CLANG_WARN_INFINITE_RECURSION = YES;
				CLANG_WARN_INT_CONVERSION = YES;
				CLANG_WARN_NON_LITERAL_NULL_CONVERSION = YES;
				CLANG_WARN_OBJC_IMPLICIT_RETAIN_SELF = YES;
				CLANG_WARN_OBJC_LITERAL_CONVERSION = YES;
				CLANG_WARN_OBJC_ROOT_CLASS = YES_ERROR;
				CLANG_WARN_QUOTED_INCLUDE_IN_FRAMEWORK_HEADER = YES;
				CLANG_WARN_RANGE_LOOP_ANALYSIS = YES;
				CLANG_WARN_STRICT_PROTOTYPES = YES;
				CLANG_WARN_SUSPICIOUS_MOVE = YES;
				CLANG_WARN_UNGUARDED_AVAILABILITY = YES_AGGRESSIVE;
				CLANG_WARN_UNREACHABLE_CODE = YES;
				CLANG_WARN__DUPLICATE_METHOD_MATCH = YES;
				COPY_PHASE_STRIP = NO;
				DEBUG_INFORMATION_FORMAT = "dwarf-with-dsym";
				ENABLE_NS_ASSERTIONS = NO;
				ENABLE_STRICT_OBJC_MSGSEND = YES;
				GCC_C_LANGUAGE_STANDARD = gnu11;
				GCC_NO_COMMON_BLOCKS = YES;
				GCC_WARN_64_TO_32_BIT_CONVERSION = YES;
				GCC_WARN_ABOUT_RETURN_TYPE = YES_ERROR;
				GCC_WARN_UNDECLARED_SELECTOR = YES;
				GCC_WARN_UNINITIALIZED_AUTOS = YES_AGGRESSIVE;
				GCC_WARN_UNUSED_FUNCTION = YES;
				GCC_WARN_UNUSED_VARIABLE = YES;
				IPHONEOS_DEPLOYMENT_TARGET = 16.2;
				MTL_ENABLE_DEBUG_INFO = NO;
				MTL_FAST_MATH = YES;
				SDKROOT = iphoneos;
				SWIFT_COMPILATION_MODE = wholemodule;
				SWIFT_OPTIMIZATION_LEVEL = "-O";
				VALIDATE_PRODUCT = YES;
			};
			name = Release;
		};
		043665D12F8F1E5A00BA1411 /* Debug */ = {
			isa = XCBuildConfiguration;
			buildSettings = {
				ASSETCATALOG_COMPILER_APPICON_NAME = AppIcon;
				ASSETCATALOG_COMPILER_GLOBAL_ACCENT_COLOR_NAME = AccentColor;
				CODE_SIGN_STYLE = Automatic;
				CURRENT_PROJECT_VERSION = 1;
				DEVELOPMENT_TEAM = FV55T32P8M;
				GENERATE_INFOPLIST_FILE = YES;
				INFOPLIST_FILE = MintynAssessment/Info.plist;
				INFOPLIST_KEY_UIApplicationSupportsIndirectInputEvents = YES;
				INFOPLIST_KEY_UILaunchStoryboardName = LaunchScreen;
				INFOPLIST_KEY_UIMainStoryboardFile = "";
				INFOPLIST_KEY_UISupportedInterfaceOrientations_iPad = "UIInterfaceOrientationPortrait UIInterfaceOrientationPortraitUpsideDown UIInterfaceOrientationLandscapeLeft UIInterfaceOrientationLandscapeRight";
				INFOPLIST_KEY_UISupportedInterfaceOrientations_iPhone = "UIInterfaceOrientationPortrait UIInterfaceOrientationLandscapeLeft UIInterfaceOrientationLandscapeRight";
				LD_RUNPATH_SEARCH_PATHS = (
					"$(inherited)",
					"@executable_path/Frameworks",
				);
				MARKETING_VERSION = 1.0;
				PRODUCT_BUNDLE_IDENTIFIER = com.chaos.MintynAssessment;
				PRODUCT_NAME = "$(TARGET_NAME)";
				SWIFT_EMIT_LOC_STRINGS = YES;
				SWIFT_VERSION = 5.0;
				TARGETED_DEVICE_FAMILY = "1,2";
			};
			name = Debug;
		};
		043665D22F8F1E5A00BA1411 /* Release */ = {
			isa = XCBuildConfiguration;
			buildSettings = {
				ASSETCATALOG_COMPILER_APPICON_NAME = AppIcon;
				ASSETCATALOG_COMPILER_GLOBAL_ACCENT_COLOR_NAME = AccentColor;
				CODE_SIGN_STYLE = Automatic;
				CURRENT_PROJECT_VERSION = 1;
				DEVELOPMENT_TEAM = FV55T32P8M;
				GENERATE_INFOPLIST_FILE = YES;
				INFOPLIST_FILE = MintynAssessment/Info.plist;
				INFOPLIST_KEY_UIApplicationSupportsIndirectInputEvents = YES;
				INFOPLIST_KEY_UILaunchStoryboardName = LaunchScreen;
				INFOPLIST_KEY_UIMainStoryboardFile = "";
				INFOPLIST_KEY_UISupportedInterfaceOrientations_iPad = "UIInterfaceOrientationPortrait UIInterfaceOrientationPortraitUpsideDown UIInterfaceOrientationLandscapeLeft UIInterfaceOrientationLandscapeRight";
				INFOPLIST_KEY_UISupportedInterfaceOrientations_iPhone = "UIInterfaceOrientationPortrait UIInterfaceOrientationLandscapeLeft UIInterfaceOrientationLandscapeRight";
				LD_RUNPATH_SEARCH_PATHS = (
					"$(inherited)",
					"@executable_path/Frameworks",
				);
				MARKETING_VERSION = 1.0;
				PRODUCT_BUNDLE_IDENTIFIER = com.chaos.MintynAssessment;
				PRODUCT_NAME = "$(TARGET_NAME)";
				SWIFT_EMIT_LOC_STRINGS = YES;
				SWIFT_VERSION = 5.0;
				TARGETED_DEVICE_FAMILY = "1,2";
			};
			name = Release;
		};
		043665D42F8F1E5A00BA1411 /* Debug */ = {
			isa = XCBuildConfiguration;
			buildSettings = {
				ALWAYS_EMBED_SWIFT_STANDARD_LIBRARIES = YES;
				BUNDLE_LOADER = "$(TEST_HOST)";
				CODE_SIGN_STYLE = Automatic;
				CURRENT_PROJECT_VERSION = 1;
				DEVELOPMENT_TEAM = FV55T32P8M;
				GENERATE_INFOPLIST_FILE = YES;
				IPHONEOS_DEPLOYMENT_TARGET = 16.2;
				MARKETING_VERSION = 1.0;
				PRODUCT_BUNDLE_IDENTIFIER = com.chaos.MintynAssessmentTests;
				PRODUCT_NAME = "$(TARGET_NAME)";
				SWIFT_EMIT_LOC_STRINGS = NO;
				SWIFT_VERSION = 5.0;
				TARGETED_DEVICE_FAMILY = "1,2";
				TEST_HOST = "$(BUILT_PRODUCTS_DIR)/MintynAssessment.app/$(BUNDLE_EXECUTABLE_FOLDER_PATH)/MintynAssessment";
			};
			name = Debug;
		};
		043665D52F8F1E5A00BA1411 /* Release */ = {
			isa = XCBuildConfiguration;
			buildSettings = {
				ALWAYS_EMBED_SWIFT_STANDARD_LIBRARIES = YES;
				BUNDLE_LOADER = "$(TEST_HOST)";
				CODE_SIGN_STYLE = Automatic;
				CURRENT_PROJECT_VERSION = 1;
				DEVELOPMENT_TEAM = FV55T32P8M;
				GENERATE_INFOPLIST_FILE = YES;
				IPHONEOS_DEPLOYMENT_TARGET = 16.2;
				MARKETING_VERSION = 1.0;
				PRODUCT_BUNDLE_IDENTIFIER = com.chaos.MintynAssessmentTests;
				PRODUCT_NAME = "$(TARGET_NAME)";
				SWIFT_EMIT_LOC_STRINGS = NO;
				SWIFT_VERSION = 5.0;
				TARGETED_DEVICE_FAMILY = "1,2";
				TEST_HOST = "$(BUILT_PRODUCTS_DIR)/MintynAssessment.app/$(BUNDLE_EXECUTABLE_FOLDER_PATH)/MintynAssessment";
			};
			name = Release;
		};
		043665D72F8F1E5A00BA1411 /* Debug */ = {
			isa = XCBuildConfiguration;
			buildSettings = {
				ALWAYS_EMBED_SWIFT_STANDARD_LIBRARIES = YES;
				CODE_SIGN_STYLE = Automatic;
				CURRENT_PROJECT_VERSION = 1;
				DEVELOPMENT_TEAM = FV55T32P8M;
				GENERATE_INFOPLIST_FILE = YES;
				MARKETING_VERSION = 1.0;
				PRODUCT_BUNDLE_IDENTIFIER = com.chaos.MintynAssessmentUITests;
				PRODUCT_NAME = "$(TARGET_NAME)";
				SWIFT_EMIT_LOC_STRINGS = NO;
				SWIFT_VERSION = 5.0;
				TARGETED_DEVICE_FAMILY = "1,2";
				TEST_TARGET_NAME = MintynAssessment;
			};
			name = Debug;
		};
		043665D82F8F1E5A00BA1411 /* Release */ = {
			isa = XCBuildConfiguration;
			buildSettings = {
				ALWAYS_EMBED_SWIFT_STANDARD_LIBRARIES = YES;
				CODE_SIGN_STYLE = Automatic;
				CURRENT_PROJECT_VERSION = 1;
				DEVELOPMENT_TEAM = FV55T32P8M;
				GENERATE_INFOPLIST_FILE = YES;
				MARKETING_VERSION = 1.0;
				PRODUCT_BUNDLE_IDENTIFIER = com.chaos.MintynAssessmentUITests;
				PRODUCT_NAME = "$(TARGET_NAME)";
				SWIFT_EMIT_LOC_STRINGS = NO;
				SWIFT_VERSION = 5.0;
				TARGETED_DEVICE_FAMILY = "1,2";
				TEST_TARGET_NAME = MintynAssessment;
			};
			name = Release;
		};
/* End XCBuildConfiguration section */

/* Begin XCConfigurationList section */
		0436659E2F8F1E5700BA1411 /* Build configuration list for PBXProject "MintynAssessment" */ = {
			isa = XCConfigurationList;
			buildConfigurations = (
				043665CE2F8F1E5A00BA1411 /* Debug */,
				043665CF2F8F1E5A00BA1411 /* Release */,
			);
			defaultConfigurationIsVisible = 0;
			defaultConfigurationName = Release;
		};
		043665D02F8F1E5A00BA1411 /* Build configuration list for PBXNativeTarget "MintynAssessment" */ = {
			isa = XCConfigurationList;
			buildConfigurations = (
				043665D12F8F1E5A00BA1411 /* Debug */,
				043665D22F8F1E5A00BA1411 /* Release */,
			);
			defaultConfigurationIsVisible = 0;
			defaultConfigurationName = Release;
		};
		043665D32F8F1E5A00BA1411 /* Build configuration list for PBXNativeTarget "MintynAssessmentTests" */ = {
			isa = XCConfigurationList;
			buildConfigurations = (
				043665D42F8F1E5A00BA1411 /* Debug */,
				043665D52F8F1E5A00BA1411 /* Release */,
			);
			defaultConfigurationIsVisible = 0;
			defaultConfigurationName = Release;
		};
		043665D62F8F1E5A00BA1411 /* Build configuration list for PBXNativeTarget "MintynAssessmentUITests" */ = {
			isa = XCConfigurationList;
			buildConfigurations = (
				043665D72F8F1E5A00BA1411 /* Debug */,
				043665D82F8F1E5A00BA1411 /* Release */,
			);
			defaultConfigurationIsVisible = 0;
			defaultConfigurationName = Release;
		};
/* End XCConfigurationList section */

/* Begin XCVersionGroup section */
		043665AF2F8F1E5700BA1411 /* MintynAssessment.xcdatamodeld */ = {
			isa = XCVersionGroup;
			children = (
				043665B02F8F1E5700BA1411 /* MintynAssessment.xcdatamodel */,
			);
			currentVersion = 043665B02F8F1E5700BA1411 /* MintynAssessment.xcdatamodel */;
			path = MintynAssessment.xcdatamodeld;
			sourceTree = "<group>";
			versionGroupType = wrapper.xcdatamodel;
		};
/* End XCVersionGroup section */
	};
	rootObject = 0436659B2F8F1E5700BA1411 /* Project object */;
}
